// !$*UTF8*$!
{
	archiveVersion = 1;
	classes = {
	};
	objectVersion = 55;
	objects = {

/* Begin PBXBuildFile section */
		0454D72828A46D6200E1EB79 /* CurrentPlace.swift in Sources */ = {isa = PBXBuildFile; fileRef = 0454D72728A46D6200E1EB79 /* CurrentPlace.swift */; };
		048183212889ED700010BE73 /* WeatherApp.swift in Sources */ = {isa = PBXBuildFile; fileRef = 048183202889ED700010BE73 /* WeatherApp.swift */; };
		048183232889ED700010BE73 /* SearchCityView.swift in Sources */ = {isa = PBXBuildFile; fileRef = 048183222889ED700010BE73 /* SearchCityView.swift */; };
		048183252889ED730010BE73 /* Assets.xcassets in Resources */ = {isa = PBXBuildFile; fileRef = 048183242889ED730010BE73 /* Assets.xcassets */; };
		048183282889ED730010BE73 /* Preview Assets.xcassets in Resources */ = {isa = PBXBuildFile; fileRef = 048183272889ED730010BE73 /* Preview Assets.xcassets */; };
		04B9F7D2288F3FF600D64D73 /* API.swift in Sources */ = {isa = PBXBuildFile; fileRef = 04B9F7D1288F3FF600D64D73 /* API.swift */; };
		04B9F7D4288F405100D64D73 /* API + Extensions.swift in Sources */ = {isa = PBXBuildFile; fileRef = 04B9F7D3288F405100D64D73 /* API + Extensions.swift */; };
		04B9F7D6288F42B900D64D73 /* NetworkManager.swift in Sources */ = {isa = PBXBuildFile; fileRef = 04B9F7D5288F42B900D64D73 /* NetworkManager.swift */; };
		04B9F7D8288F4A5700D64D73 /* WeatherResponse.swift in Sources */ = {isa = PBXBuildFile; fileRef = 04B9F7D7288F4A5700D64D73 /* WeatherResponse.swift */; };
		04B9F7DA288F4AB500D64D73 /* Weather.swift in Sources */ = {isa = PBXBuildFile; fileRef = 04B9F7D9288F4AB500D64D73 /* Weather.swift */; };
		04B9F7DC288F4AD500D64D73 /* WeatherDetail.swift in Sources */ = {isa = PBXBuildFile; fileRef = 04B9F7DB288F4AD500D64D73 /* WeatherDetail.swift */; };
		04B9F7DE288F4AF900D64D73 /* DailyWeather.swift in Sources */ = {isa = PBXBuildFile; fileRef = 04B9F7DD288F4AF900D64D73 /* DailyWeather.swift */; };
		04B9F7E0288F4B2100D64D73 /* Temperature.swift in Sources */ = {isa = PBXBuildFile; fileRef = 04B9F7DF288F4B2100D64D73 /* Temperature.swift */; };
		04B9F7E2288F53DD00D64D73 /* CityViewViewModel.swift in Sources */ = {isa = PBXBuildFile; fileRef = 04B9F7E1288F53DD00D64D73 /* CityViewViewModel.swift */; };
		04B9F7E5288F6AAD00D64D73 /* Lottie in Frameworks */ = {isa = PBXBuildFile; productRef = 04B9F7E4288F6AAD00D64D73 /* Lottie */; };
		04B9F7E8288F6B2700D64D73 /* LottieView.swift in Sources */ = {isa = PBXBuildFile; fileRef = 04B9F7E7288F6B2700D64D73 /* LottieView.swift */; };
		04B9F7FB288F6EFA00D64D73 /* nightScatteredClouds.json in Resources */ = {isa = PBXBuildFile; fileRef = 04B9F7E9288F6EF900D64D73 /* nightScatteredClouds.json */; };
		04B9F7FC288F6EFA00D64D73 /* dayBrokenClouds.json in Resources */ = {isa = PBXBuildFile; fileRef = 04B9F7EA288F6EFA00D64D73 /* dayBrokenClouds.json */; };
		04B9F7FD288F6EFA00D64D73 /* dayMist.json in Resources */ = {isa = PBXBuildFile; fileRef = 04B9F7EB288F6EFA00D64D73 /* dayMist.json */; };
		04B9F7FE288F6EFA00D64D73 /* nightBrokenClouds.json in Resources */ = {isa = PBXBuildFile; fileRef = 04B9F7EC288F6EFA00D64D73 /* nightBrokenClouds.json */; };
		04B9F7FF288F6EFA00D64D73 /* dayScatteredClouds.json in Resources */ = {isa = PBXBuildFile; fileRef = 04B9F7ED288F6EFA00D64D73 /* dayScatteredClouds.json */; };
		04B9F800288F6EFA00D64D73 /* nightShowerRains.json in Resources */ = {isa = PBXBuildFile; fileRef = 04B9F7EE288F6EFA00D64D73 /* nightShowerRains.json */; };
		04B9F801288F6EFA00D64D73 /* dayThunderstorm.json in Resources */ = {isa = PBXBuildFile; fileRef = 04B9F7EF288F6EFA00D64D73 /* dayThunderstorm.json */; };
		04B9F802288F6EFA00D64D73 /* dayRain.json in Resources */ = {isa = PBXBuildFile; fileRef = 04B9F7F0288F6EFA00D64D73 /* dayRain.json */; };
		04B9F803288F6EFA00D64D73 /* daySnow.json in Resources */ = {isa = PBXBuildFile; fileRef = 04B9F7F1288F6EFA00D64D73 /* daySnow.json */; };
		04B9F804288F6EFA00D64D73 /* nightFewClouds.json in Resources */ = {isa = PBXBuildFile; fileRef = 04B9F7F2288F6EFA00D64D73 /* nightFewClouds.json */; };
		04B9F805288F6EFA00D64D73 /* nightClearSky.json in Resources */ = {isa = PBXBuildFile; fileRef = 04B9F7F3288F6EFA00D64D73 /* nightClearSky.json */; };
		04B9F806288F6EFA00D64D73 /* nightRain.json in Resources */ = {isa = PBXBuildFile; fileRef = 04B9F7F4288F6EFA00D64D73 /* nightRain.json */; };
		04B9F807288F6EFA00D64D73 /* nightThunderstorm.json in Resources */ = {isa = PBXBuildFile; fileRef = 04B9F7F5288F6EFA00D64D73 /* nightThunderstorm.json */; };
		04B9F808288F6EFA00D64D73 /* nightSnow.json in Resources */ = {isa = PBXBuildFile; fileRef = 04B9F7F6288F6EFA00D64D73 /* nightSnow.json */; };
		04B9F809288F6EFA00D64D73 /* dayShowerRains.json in Resources */ = {isa = PBXBuildFile; fileRef = 04B9F7F7288F6EFA00D64D73 /* dayShowerRains.json */; };
		04B9F80A288F6EFA00D64D73 /* dayFewClouds.json in Resources */ = {isa = PBXBuildFile; fileRef = 04B9F7F8288F6EFA00D64D73 /* dayFewClouds.json */; };
		04B9F80B288F6EFA00D64D73 /* nightMist.json in Resources */ = {isa = PBXBuildFile; fileRef = 04B9F7F9288F6EFA00D64D73 /* nightMist.json */; };
		04B9F80C288F6EFA00D64D73 /* dayClearSky.json in Resources */ = {isa = PBXBuildFile; fileRef = 04B9F7FA288F6EFA00D64D73 /* dayClearSky.json */; };
		04B9F80E288FDCB600D64D73 /* MenuHeaderView.swift in Sources */ = {isa = PBXBuildFile; fileRef = 04B9F80D288FDCB600D64D73 /* MenuHeaderView.swift */; };
		04B9F810288FDEAA00D64D73 /* CityNameView.swift in Sources */ = {isa = PBXBuildFile; fileRef = 04B9F80F288FDEAA00D64D73 /* CityNameView.swift */; };
		04B9F812288FDF8900D64D73 /* TodayWeatherView.swift in Sources */ = {isa = PBXBuildFile; fileRef = 04B9F811288FDF8900D64D73 /* TodayWeatherView.swift */; };
		04B9F815288FFCC500D64D73 /* HourlyWeatherView.swift in Sources */ = {isa = PBXBuildFile; fileRef = 04B9F814288FFCC500D64D73 /* HourlyWeatherView.swift */; };
		04B9F8172890045100D64D73 /* DailyWeatherView.swift in Sources */ = {isa = PBXBuildFile; fileRef = 04B9F8162890045100D64D73 /* DailyWeatherView.swift */; };
		04B9F819289005E300D64D73 /* CityView.swift in Sources */ = {isa = PBXBuildFile; fileRef = 04B9F818289005E300D64D73 /* CityView.swift */; };
		04E1F454289C78AA00BAD7A8 /* LocationManager.swift in Sources */ = {isa = PBXBuildFile; fileRef = 04E1F453289C78AA00BAD7A8 /* LocationManager.swift */; };
		04E1F49F289D43D700BAD7A8 /* WelcomeView.swift in Sources */ = {isa = PBXBuildFile; fileRef = 04E1F49E289D43D700BAD7A8 /* WelcomeView.swift */; };
		04E1F4A1289D477F00BAD7A8 /* LoadingView.swift in Sources */ = {isa = PBXBuildFile; fileRef = 04E1F4A0289D477F00BAD7A8 /* LoadingView.swift */; };
		04E1F4A6289D6CB000BAD7A8 /* welcomeMenuAnimation.json in Resources */ = {isa = PBXBuildFile; fileRef = 04E1F4A5289D6CB000BAD7A8 /* welcomeMenuAnimation.json */; };
		04E1F4A8289D705500BAD7A8 /* loadingAnimation.json in Resources */ = {isa = PBXBuildFile; fileRef = 04E1F4A7289D705500BAD7A8 /* loadingAnimation.json */; };
		04E1F4AC289D78BF00BAD7A8 /* locationAnimation.json in Resources */ = {isa = PBXBuildFile; fileRef = 04E1F4AB289D78BF00BAD7A8 /* locationAnimation.json */; };
		04E1F4AE289D8ADC00BAD7A8 /* clouds.jpg in Resources */ = {isa = PBXBuildFile; fileRef = 04E1F4AD289D8ADC00BAD7A8 /* clouds.jpg */; };
/* End PBXBuildFile section */

/* Begin PBXFileReference section */
		0454D72728A46D6200E1EB79 /* CurrentPlace.swift */ = {isa = PBXFileReference; lastKnownFileType = sourcecode.swift; path = CurrentPlace.swift; sourceTree = "<group>"; };
		0481831D2889ED700010BE73 /* Weather.app */ = {isa = PBXFileReference; explicitFileType = wrapper.application; includeInIndex = 0; path = Weather.app; sourceTree = BUILT_PRODUCTS_DIR; };
		048183202889ED700010BE73 /* WeatherApp.swift */ = {isa = PBXFileReference; lastKnownFileType = sourcecode.swift; path = WeatherApp.swift; sourceTree = "<group>"; };
		048183222889ED700010BE73 /* SearchCityView.swift */ = {isa = PBXFileReference; lastKnownFileType = sourcecode.swift; path = SearchCityView.swift; sourceTree = "<group>"; };
		048183242889ED730010BE73 /* Assets.xcassets */ = {isa = PBXFileReference; lastKnownFileType = folder.assetcatalog; path = Assets.xcassets; sourceTree = "<group>"; };
		048183272889ED730010BE73 /* Preview Assets.xcassets */ = {isa = PBXFileReference; lastKnownFileType = folder.assetcatalog; path = "Preview Assets.xcassets"; sourceTree = "<group>"; };
		04B9F7D1288F3FF600D64D73 /* API.swift */ = {isa = PBXFileReference; lastKnownFileType = sourcecode.swift; path = API.swift; sourceTree = "<group>"; };
		04B9F7D3288F405100D64D73 /* API + Extensions.swift */ = {isa = PBXFileReference; lastKnownFileType = sourcecode.swift; path = "API + Extensions.swift"; sourceTree = "<group>"; };
		04B9F7D5288F42B900D64D73 /* NetworkManager.swift */ = {isa = PBXFileReference; lastKnownFileType = sourcecode.swift; path = NetworkManager.swift; sourceTree = "<group>"; };
		04B9F7D7288F4A5700D64D73 /* WeatherResponse.swift */ = {isa = PBXFileReference; lastKnownFileType = sourcecode.swift; path = WeatherResponse.swift; sourceTree = "<group>"; };
		04B9F7D9288F4AB500D64D73 /* Weather.swift */ = {isa = PBXFileReference; lastKnownFileType = sourcecode.swift; path = Weather.swift; sourceTree = "<group>"; };
		04B9F7DB288F4AD500D64D73 /* WeatherDetail.swift */ = {isa = PBXFileReference; lastKnownFileType = sourcecode.swift; path = WeatherDetail.swift; sourceTree = "<group>"; };
		04B9F7DD288F4AF900D64D73 /* DailyWeather.swift */ = {isa = PBXFileReference; lastKnownFileType = sourcecode.swift; path = DailyWeather.swift; sourceTree = "<group>"; };
		04B9F7DF288F4B2100D64D73 /* Temperature.swift */ = {isa = PBXFileReference; lastKnownFileType = sourcecode.swift; path = Temperature.swift; sourceTree = "<group>"; };
		04B9F7E1288F53DD00D64D73 /* CityViewViewModel.swift */ = {isa = PBXFileReference; lastKnownFileType = sourcecode.swift; path = CityViewViewModel.swift; sourceTree = "<group>"; };
		04B9F7E7288F6B2700D64D73 /* LottieView.swift */ = {isa = PBXFileReference; lastKnownFileType = sourcecode.swift; path = LottieView.swift; sourceTree = "<group>"; };
		04B9F7E9288F6EF900D64D73 /* nightScatteredClouds.json */ = {isa = PBXFileReference; fileEncoding = 4; lastKnownFileType = text.json; path = nightScatteredClouds.json; sourceTree = "<group>"; };
		04B9F7EA288F6EFA00D64D73 /* dayBrokenClouds.json */ = {isa = PBXFileReference; fileEncoding = 4; lastKnownFileType = text.json; path = dayBrokenClouds.json; sourceTree = "<group>"; };
		04B9F7EB288F6EFA00D64D73 /* dayMist.json */ = {isa = PBXFileReference; fileEncoding = 4; lastKnownFileType = text.json; path = dayMist.json; sourceTree = "<group>"; };
		04B9F7EC288F6EFA00D64D73 /* nightBrokenClouds.json */ = {isa = PBXFileReference; fileEncoding = 4; lastKnownFileType = text.json; path = nightBrokenClouds.json; sourceTree = "<group>"; };
		04B9F7ED288F6EFA00D64D73 /* dayScatteredClouds.json */ = {isa = PBXFileReference; fileEncoding = 4; lastKnownFileType = text.json; path = dayScatteredClouds.json; sourceTree = "<group>"; };
		04B9F7EE288F6EFA00D64D73 /* nightShowerRains.json */ = {isa = PBXFileReference; fileEncoding = 4; lastKnownFileType = text.json; path = nightShowerRains.json; sourceTree = "<group>"; };
		04B9F7EF288F6EFA00D64D73 /* dayThunderstorm.json */ = {isa = PBXFileReference; fileEncoding = 4; lastKnownFileType = text.json; path = dayThunderstorm.json; sourceTree = "<group>"; };
		04B9F7F0288F6EFA00D64D73 /* dayRain.json */ = {isa = PBXFileReference; fileEncoding = 4; lastKnownFileType = text.json; path = dayRain.json; sourceTree = "<group>"; };
		04B9F7F1288F6EFA00D64D73 /* daySnow.json */ = {isa = PBXFileReference; fileEncoding = 4; lastKnownFileType = text.json; path = daySnow.json; sourceTree = "<group>"; };
		04B9F7F2288F6EFA00D64D73 /* nightFewClouds.json */ = {isa = PBXFileReference; fileEncoding = 4; lastKnownFileType = text.json; path = nightFewClouds.json; sourceTree = "<group>"; };
		04B9F7F3288F6EFA00D64D73 /* nightClearSky.json */ = {isa = PBXFileReference; fileEncoding = 4; lastKnownFileType = text.json; path = nightClearSky.json; sourceTree = "<group>"; };
		04B9F7F4288F6EFA00D64D73 /* nightRain.json */ = {isa = PBXFileReference; fileEncoding = 4; lastKnownFileType = text.json; path = nightRain.json; sourceTree = "<group>"; };
		04B9F7F5288F6EFA00D64D73 /* nightThunderstorm.json */ = {isa = PBXFileReference; fileEncoding = 4; lastKnownFileType = text.json; path = nightThunderstorm.json; sourceTree = "<group>"; };
		04B9F7F6288F6EFA00D64D73 /* nightSnow.json */ = {isa = PBXFileReference; fileEncoding = 4; lastKnownFileType = text.json; path = nightSnow.json; sourceTree = "<group>"; };
		04B9F7F7288F6EFA00D64D73 /* dayShowerRains.json */ = {isa = PBXFileReference; fileEncoding = 4; lastKnownFileType = text.json; path = dayShowerRains.json; sourceTree = "<group>"; };
		04B9F7F8288F6EFA00D64D73 /* dayFewClouds.json */ = {isa = PBXFileReference; fileEncoding = 4; lastKnownFileType = text.json; path = dayFewClouds.json; sourceTree = "<group>"; };
		04B9F7F9288F6EFA00D64D73 /* nightMist.json */ = {isa = PBXFileReference; fileEncoding = 4; lastKnownFileType = text.json; path = nightMist.json; sourceTree = "<group>"; };
		04B9F7FA288F6EFA00D64D73 /* dayClearSky.json */ = {isa = PBXFileReference; fileEncoding = 4; lastKnownFileType = text.json; path = dayClearSky.json; sourceTree = "<group>"; };
		04B9F80D288FDCB600D64D73 /* MenuHeaderView.swift */ = {isa = PBXFileReference; lastKnownFileType = sourcecode.swift; path = MenuHeaderView.swift; sourceTree = "<group>"; };
		04B9F80F288FDEAA00D64D73 /* CityNameView.swift */ = {isa = PBXFileReference; lastKnownFileType = sourcecode.swift; path = CityNameView.swift; sourceTree = "<group>"; };
		04B9F811288FDF8900D64D73 /* TodayWeatherView.swift */ = {isa = PBXFileReference; lastKnownFileType = sourcecode.swift; path = TodayWeatherView.swift; sourceTree = "<group>"; };
		04B9F814288FFCC500D64D73 /* HourlyWeatherView.swift */ = {isa = PBXFileReference; lastKnownFileType = sourcecode.swift; path = HourlyWeatherView.swift; sourceTree = "<group>"; };
		04B9F8162890045100D64D73 /* DailyWeatherView.swift */ = {isa = PBXFileReference; lastKnownFileType = sourcecode.swift; path = DailyWeatherView.swift; sourceTree = "<group>"; };
		04B9F818289005E300D64D73 /* CityView.swift */ = {isa = PBXFileReference; lastKnownFileType = sourcecode.swift; path = CityView.swift; sourceTree = "<group>"; };
		04B9F81A2890097E00D64D73 /* Info.plist */ = {isa = PBXFileReference; lastKnownFileType = text.plist; path = Info.plist; sourceTree = "<group>"; };
		04E1F453289C78AA00BAD7A8 /* LocationManager.swift */ = {isa = PBXFileReference; lastKnownFileType = sourcecode.swift; path = LocationManager.swift; sourceTree = "<group>"; };
		04E1F49E289D43D700BAD7A8 /* WelcomeView.swift */ = {isa = PBXFileReference; lastKnownFileType = sourcecode.swift; path = WelcomeView.swift; sourceTree = "<group>"; };
		04E1F4A0289D477F00BAD7A8 /* LoadingView.swift */ = {isa = PBXFileReference; lastKnownFileType = sourcecode.swift; path = LoadingView.swift; sourceTree = "<group>"; };
		04E1F4A5289D6CB000BAD7A8 /* welcomeMenuAnimation.json */ = {isa = PBXFileReference; fileEncoding = 4; lastKnownFileType = text.json; path = welcomeMenuAnimation.json; sourceTree = "<group>"; };
		04E1F4A7289D705500BAD7A8 /* loadingAnimation.json */ = {isa = PBXFileReference; fileEncoding = 4; lastKnownFileType = text.json; path = loadingAnimation.json; sourceTree = "<group>"; };
		04E1F4AB289D78BF00BAD7A8 /* locationAnimation.json */ = {isa = PBXFileReference; fileEncoding = 4; lastKnownFileType = text.json; path = locationAnimation.json; sourceTree = "<group>"; };
		04E1F4AD289D8ADC00BAD7A8 /* clouds.jpg */ = {isa = PBXFileReference; lastKnownFileType = image.jpeg; path = clouds.jpg; sourceTree = "<group>"; };
/* End PBXFileReference section */

/* Begin PBXFrameworksBuildPhase section */
		0481831A2889ED700010BE73 /* Frameworks */ = {
			isa = PBXFrameworksBuildPhase;
			buildActionMask = 2147483647;
			files = (
				04B9F7E5288F6AAD00D64D73 /* Lottie in Frameworks */,
			);
			runOnlyForDeploymentPostprocessing = 0;
		};
/* End PBXFrameworksBuildPhase section */

/* Begin PBXGroup section */
		0454D72528A46C2500E1EB79 /* CitySearchModels */ = {
			isa = PBXGroup;
			children = (
				04B9F7D7288F4A5700D64D73 /* WeatherResponse.swift */,
				04B9F7D9288F4AB500D64D73 /* Weather.swift */,
				04B9F7DB288F4AD500D64D73 /* WeatherDetail.swift */,
				04B9F7DD288F4AF900D64D73 /* DailyWeather.swift */,
				04B9F7DF288F4B2100D64D73 /* Temperature.swift */,
			);
			path = CitySearchModels;
			sourceTree = "<group>";
		};
		0454D72628A46C3E00E1EB79 /* CurrentPlaceModels */ = {
			isa = PBXGroup;
			children = (
				0454D72728A46D6200E1EB79 /* CurrentPlace.swift */,
			);
			path = CurrentPlaceModels;
			sourceTree = "<group>";
		};
		048183142889ED700010BE73 = {
			isa = PBXGroup;
			children = (
				0481831F2889ED700010BE73 /* Weather */,
				0481831E2889ED700010BE73 /* Products */,
			);
			sourceTree = "<group>";
		};
		0481831E2889ED700010BE73 /* Products */ = {
			isa = PBXGroup;
			children = (
				0481831D2889ED700010BE73 /* Weather.app */,
			);
			name = Products;
			sourceTree = "<group>";
		};
		0481831F2889ED700010BE73 /* Weather */ = {
			isa = PBXGroup;
			children = (
				04B9F7D0288F3FB600D64D73 /* LottieAnimations */,
				04B9F7CF288F3F8900D64D73 /* ViewModels */,
				04B9F7CE288F3F7800D64D73 /* Views */,
				04B9F7CD288F3F6A00D64D73 /* Models */,
				04B9F7CC288F3F5300D64D73 /* Networking */,
				048183202889ED700010BE73 /* WeatherApp.swift */,
				04B9F81A2890097E00D64D73 /* Info.plist */,
				048183242889ED730010BE73 /* Assets.xcassets */,
				048183262889ED730010BE73 /* Preview Content */,
			);
			path = Weather;
			sourceTree = "<group>";
		};
		048183262889ED730010BE73 /* Preview Content */ = {
			isa = PBXGroup;
			children = (
				04E1F4AD289D8ADC00BAD7A8 /* clouds.jpg */,
				048183272889ED730010BE73 /* Preview Assets.xcassets */,
			);
			path = "Preview Content";
			sourceTree = "<group>";
		};
		04B9F7CC288F3F5300D64D73 /* Networking */ = {
			isa = PBXGroup;
			children = (
				04B9F7D1288F3FF600D64D73 /* API.swift */,
				04B9F7D3288F405100D64D73 /* API + Extensions.swift */,
				04B9F7D5288F42B900D64D73 /* NetworkManager.swift */,
				04E1F453289C78AA00BAD7A8 /* LocationManager.swift */,
			);
			path = Networking;
			sourceTree = "<group>";
		};
		04B9F7CD288F3F6A00D64D73 /* Models */ = {
			isa = PBXGroup;
			children = (
				0454D72628A46C3E00E1EB79 /* CurrentPlaceModels */,
				0454D72528A46C2500E1EB79 /* CitySearchModels */,
			);
			path = Models;
			sourceTree = "<group>";
		};
		04B9F7CE288F3F7800D64D73 /* Views */ = {
			isa = PBXGroup;
			children = (
				04B9F7E7288F6B2700D64D73 /* LottieView.swift */,
				04B9F80D288FDCB600D64D73 /* MenuHeaderView.swift */,
				04B9F80F288FDEAA00D64D73 /* CityNameView.swift */,
				04B9F811288FDF8900D64D73 /* TodayWeatherView.swift */,
				04B9F814288FFCC500D64D73 /* HourlyWeatherView.swift */,
				04B9F8162890045100D64D73 /* DailyWeatherView.swift */,
				04B9F818289005E300D64D73 /* CityView.swift */,
				048183222889ED700010BE73 /* SearchCityView.swift */,
				04E1F49E289D43D700BAD7A8 /* WelcomeView.swift */,
				04E1F4A2289D490D00BAD7A8 /* Test */,
			);
			path = Views;
			sourceTree = "<group>";
		};
		04B9F7CF288F3F8900D64D73 /* ViewModels */ = {
			isa = PBXGroup;
			children = (
				04B9F7E1288F53DD00D64D73 /* CityViewViewModel.swift */,
			);
			path = ViewModels;
			sourceTree = "<group>";
		};
		04B9F7D0288F3FB600D64D73 /* LottieAnimations */ = {
			isa = PBXGroup;
			children = (
				04E1F4AB289D78BF00BAD7A8 /* locationAnimation.json */,
				04E1F4A5289D6CB000BAD7A8 /* welcomeMenuAnimation.json */,
				04B9F7EA288F6EFA00D64D73 /* dayBrokenClouds.json */,
				04E1F4A7289D705500BAD7A8 /* loadingAnimation.json */,
				04B9F7FA288F6EFA00D64D73 /* dayClearSky.json */,
				04B9F7F8288F6EFA00D64D73 /* dayFewClouds.json */,
				04B9F7EB288F6EFA00D64D73 /* dayMist.json */,
				04B9F7F0288F6EFA00D64D73 /* dayRain.json */,
				04B9F7ED288F6EFA00D64D73 /* dayScatteredClouds.json */,
				04B9F7F7288F6EFA00D64D73 /* dayShowerRains.json */,
				04B9F7F1288F6EFA00D64D73 /* daySnow.json */,
				04B9F7EF288F6EFA00D64D73 /* dayThunderstorm.json */,
				04B9F7EC288F6EFA00D64D73 /* nightBrokenClouds.json */,
				04B9F7F3288F6EFA00D64D73 /* nightClearSky.json */,
				04B9F7F2288F6EFA00D64D73 /* nightFewClouds.json */,
				04B9F7F9288F6EFA00D64D73 /* nightMist.json */,
				04B9F7F4288F6EFA00D64D73 /* nightRain.json */,
				04B9F7E9288F6EF900D64D73 /* nightScatteredClouds.json */,
				04B9F7EE288F6EFA00D64D73 /* nightShowerRains.json */,
				04B9F7F6288F6EFA00D64D73 /* nightSnow.json */,
				04B9F7F5288F6EFA00D64D73 /* nightThunderstorm.json */,
			);
			path = LottieAnimations;
			sourceTree = "<group>";
		};
		04E1F4A2289D490D00BAD7A8 /* Test */ = {
			isa = PBXGroup;
			children = (
				04E1F4A0289D477F00BAD7A8 /* LoadingView.swift */,
			);
			path = Test;
			sourceTree = "<group>";
		};
/* End PBXGroup section */

/* Begin PBXNativeTarget section */
		0481831C2889ED700010BE73 /* Weather */ = {
			isa = PBXNativeTarget;
			buildConfigurationList = 0481832B2889ED730010BE73 /* Build configuration list for PBXNativeTarget "Weather" */;
			buildPhases = (
				048183192889ED700010BE73 /* Sources */,
				0481831A2889ED700010BE73 /* Frameworks */,
				0481831B2889ED700010BE73 /* Resources */,
			);
			buildRules = (
			);
			dependencies = (
			);
			name = Weather;
			packageProductDependencies = (
				04B9F7E4288F6AAD00D64D73 /* Lottie */,
			);
			productName = Weather;
			productReference = 0481831D2889ED700010BE73 /* Weather.app */;
			productType = "com.apple.product-type.application";
		};
/* End PBXNativeTarget section */

/* Begin PBXProject section */
		048183152889ED700010BE73 /* Project object */ = {
			isa = PBXProject;
			attributes = {
				BuildIndependentTargetsInParallel = 1;
				LastSwiftUpdateCheck = 1340;
				LastUpgradeCheck = 1340;
				TargetAttributes = {
					0481831C2889ED700010BE73 = {
						CreatedOnToolsVersion = 13.4.1;
					};
				};
			};
			buildConfigurationList = 048183182889ED700010BE73 /* Build configuration list for PBXProject "Weather" */;
			compatibilityVersion = "Xcode 13.0";
			developmentRegion = en;
			hasScannedForEncodings = 0;
			knownRegions = (
				en,
				Base,
			);
			mainGroup = 048183142889ED700010BE73;
			packageReferences = (
				04B9F7E3288F6AAD00D64D73 /* XCRemoteSwiftPackageReference "lottie-ios" */,
			);
			productRefGroup = 0481831E2889ED700010BE73 /* Products */;
			projectDirPath = "";
			projectRoot = "";
			targets = (
				0481831C2889ED700010BE73 /* Weather */,
			);
		};
/* End PBXProject section */

/* Begin PBXResourcesBuildPhase section */
		0481831B2889ED700010BE73 /* Resources */ = {
			isa = PBXResourcesBuildPhase;
			buildActionMask = 2147483647;
			files = (
				04B9F80B288F6EFA00D64D73 /* nightMist.json in Resources */,
				048183282889ED730010BE73 /* Preview Assets.xcassets in Resources */,
				04B9F80A288F6EFA00D64D73 /* dayFewClouds.json in Resources */,
				04E1F4AE289D8ADC00BAD7A8 /* clouds.jpg in Resources */,
				04B9F804288F6EFA00D64D73 /* nightFewClouds.json in Resources */,
				04B9F80C288F6EFA00D64D73 /* dayClearSky.json in Resources */,
				04B9F7FE288F6EFA00D64D73 /* nightBrokenClouds.json in Resources */,
				04B9F7FC288F6EFA00D64D73 /* dayBrokenClouds.json in Resources */,
				04B9F806288F6EFA00D64D73 /* nightRain.json in Resources */,
				04B9F7FD288F6EFA00D64D73 /* dayMist.json in Resources */,
				04B9F802288F6EFA00D64D73 /* dayRain.json in Resources */,
				04B9F808288F6EFA00D64D73 /* nightSnow.json in Resources */,
				04E1F4A8289D705500BAD7A8 /* loadingAnimation.json in Resources */,
				04E1F4AC289D78BF00BAD7A8 /* locationAnimation.json in Resources */,
				04B9F800288F6EFA00D64D73 /* nightShowerRains.json in Resources */,
				04B9F805288F6EFA00D64D73 /* nightClearSky.json in Resources */,
				04B9F803288F6EFA00D64D73 /* daySnow.json in Resources */,
				04B9F807288F6EFA00D64D73 /* nightThunderstorm.json in Resources */,
				04B9F801288F6EFA00D64D73 /* dayThunderstorm.json in Resources */,
				04B9F7FB288F6EFA00D64D73 /* nightScatteredClouds.json in Resources */,
				04E1F4A6289D6CB000BAD7A8 /* welcomeMenuAnimation.json in Resources */,
				04B9F809288F6EFA00D64D73 /* dayShowerRains.json in Resources */,
				04B9F7FF288F6EFA00D64D73 /* dayScatteredClouds.json in Resources */,
				048183252889ED730010BE73 /* Assets.xcassets in Resources */,
			);
			runOnlyForDeploymentPostprocessing = 0;
		};
/* End PBXResourcesBuildPhase section */

/* Begin PBXSourcesBuildPhase section */
		048183192889ED700010BE73 /* Sources */ = {
			isa = PBXSourcesBuildPhase;
			buildActionMask = 2147483647;
			files = (
				04B9F8172890045100D64D73 /* DailyWeatherView.swift in Sources */,
				04B9F815288FFCC500D64D73 /* HourlyWeatherView.swift in Sources */,
				048183232889ED700010BE73 /* SearchCityView.swift in Sources */,
				04E1F4A1289D477F00BAD7A8 /* LoadingView.swift in Sources */,
				0454D72828A46D6200E1EB79 /* CurrentPlace.swift in Sources */,
				04B9F7E2288F53DD00D64D73 /* CityViewViewModel.swift in Sources */,
				04B9F810288FDEAA00D64D73 /* CityNameView.swift in Sources */,
				04B9F7DC288F4AD500D64D73 /* WeatherDetail.swift in Sources */,
				04B9F7D8288F4A5700D64D73 /* WeatherResponse.swift in Sources */,
				04B9F819289005E300D64D73 /* CityView.swift in Sources */,
				04B9F7D2288F3FF600D64D73 /* API.swift in Sources */,
				04B9F7D6288F42B900D64D73 /* NetworkManager.swift in Sources */,
				04B9F7D4288F405100D64D73 /* API + Extensions.swift in Sources */,
				04B9F80E288FDCB600D64D73 /* MenuHeaderView.swift in Sources */,
				04E1F49F289D43D700BAD7A8 /* WelcomeView.swift in Sources */,
				048183212889ED700010BE73 /* WeatherApp.swift in Sources */,
				04B9F7DA288F4AB500D64D73 /* Weather.swift in Sources */,
				04B9F812288FDF8900D64D73 /* TodayWeatherView.swift in Sources */,
				04B9F7E0288F4B2100D64D73 /* Temperature.swift in Sources */,
				04B9F7DE288F4AF900D64D73 /* DailyWeather.swift in Sources */,
				04E1F454289C78AA00BAD7A8 /* LocationManager.swift in Sources */,
				04B9F7E8288F6B2700D64D73 /* LottieView.swift in Sources */,
			);
			runOnlyForDeploymentPostprocessing = 0;
		};
/* End PBXSourcesBuildPhase section */

/* Begin XCBuildConfiguration section */
		048183292889ED730010BE73 /* Debug */ = {
			isa = XCBuildConfiguration;
			buildSettings = {
				ALWAYS_SEARCH_USER_PATHS = NO;
				CLANG_ANALYZER_NONNULL = YES;
				CLANG_ANALYZER_NUMBER_OBJECT_CONVERSION = YES_AGGRESSIVE;
				CLANG_CXX_LANGUAGE_STANDARD = "gnu++17";
				CLANG_ENABLE_MODULES = YES;
				CLANG_ENABLE_OBJC_ARC = YES;
				CLANG_ENABLE_OBJC_WEAK = YES;
				CLANG_WARN_BLOCK_CAPTURE_AUTORELEASING = YES;
				CLANG_WARN_BOOL_CONVERSION = YES;
				CLANG_WARN_COMMA = YES;
				CLANG_WARN_CONSTANT_CONVERSION = YES;
				CLANG_WARN_DEPRECATED_OBJC_IMPLEMENTATIONS = YES;
				CLANG_WARN_DIRECT_OBJC_ISA_USAGE = YES_ERROR;
				CLANG_WARN_DOCUMENTATION_COMMENTS = YES;
				CLANG_WARN_EMPTY_BODY = YES;
				CLANG_WARN_ENUM_CONVERSION = YES;
				CLANG_WARN_INFINITE_RECURSION = YES;
				CLANG_WARN_INT_CONVERSION = YES;
				CLANG_WARN_NON_LITERAL_NULL_CONVERSION = YES;
				CLANG_WARN_OBJC_IMPLICIT_RETAIN_SELF = YES;
				CLANG_WARN_OBJC_LITERAL_CONVERSION = YES;
				CLANG_WARN_OBJC_ROOT_CLASS = YES_ERROR;
				CLANG_WARN_QUOTED_INCLUDE_IN_FRAMEWORK_HEADER = YES;
				CLANG_WARN_RANGE_LOOP_ANALYSIS = YES;
				CLANG_WARN_STRICT_PROTOTYPES = YES;
				CLANG_WARN_SUSPICIOUS_MOVE = YES;
				CLANG_WARN_UNGUARDED_AVAILABILITY = YES_AGGRESSIVE;
				CLANG_WARN_UNREACHABLE_CODE = YES;
				CLANG_WARN__DUPLICATE_METHOD_MATCH = YES;
				COPY_PHASE_STRIP = NO;
				DEBUG_INFORMATION_FORMAT = dwarf;
				ENABLE_STRICT_OBJC_MSGSEND = YES;
				ENABLE_TESTABILITY = YES;
				GCC_C_LANGUAGE_STANDARD = gnu11;
				GCC_DYNAMIC_NO_PIC = NO;
				GCC_NO_COMMON_BLOCKS = YES;
				GCC_OPTIMIZATION_LEVEL = 0;
				GCC_PREPROCESSOR_DEFINITIONS = (
					"DEBUG=1",
					"$(inherited)",
				);
				GCC_WARN_64_TO_32_BIT_CONVERSION = YES;
				GCC_WARN_ABOUT_RETURN_TYPE = YES_ERROR;
				GCC_WARN_UNDECLARED_SELECTOR = YES;
				GCC_WARN_UNINITIALIZED_AUTOS = YES_AGGRESSIVE;
				GCC_WARN_UNUSED_FUNCTION = YES;
				GCC_WARN_UNUSED_VARIABLE = YES;
				IPHONEOS_DEPLOYMENT_TARGET = 15.5;
				MTL_ENABLE_DEBUG_INFO = INCLUDE_SOURCE;
				MTL_FAST_MATH = YES;
				ONLY_ACTIVE_ARCH = YES;
				SDKROOT = iphoneos;
				SWIFT_ACTIVE_COMPILATION_CONDITIONS = DEBUG;
				SWIFT_OPTIMIZATION_LEVEL = "-Onone";
			};
			name = Debug;
		};
		0481832A2889ED730010BE73 /* Release */ = {
			isa = XCBuildConfiguration;
			buildSettings = {
				ALWAYS_SEARCH_USER_PATHS = NO;
				CLANG_ANALYZER_NONNULL = YES;
				CLANG_ANALYZER_NUMBER_OBJECT_CONVERSION = YES_AGGRESSIVE;
				CLANG_CXX_LANGUAGE_STANDARD = "gnu++17";
				CLANG_ENABLE_MODULES = YES;
				CLANG_ENABLE_OBJC_ARC = YES;
				CLANG_ENABLE_OBJC_WEAK = YES;
				CLANG_WARN_BLOCK_CAPTURE_AUTORELEASING = YES;
				CLANG_WARN_BOOL_CONVERSION = YES;
				CLANG_WARN_COMMA = YES;
				CLANG_WARN_CONSTANT_CONVERSION = YES;
				CLANG_WARN_DEPRECATED_OBJC_IMPLEMENTATIONS = YES;
				CLANG_WARN_DIRECT_OBJC_ISA_USAGE = YES_ERROR;
				CLANG_WARN_DOCUMENTATION_COMMENTS = YES;
				CLANG_WARN_EMPTY_BODY = YES;
				CLANG_WARN_ENUM_CONVERSION = YES;
				CLANG_WARN_INFINITE_RECURSION = YES;
				CLANG_WARN_INT_CONVERSION = YES;
				CLANG_WARN_NON_LITERAL_NULL_CONVERSION = YES;
				CLANG_WARN_OBJC_IMPLICIT_RETAIN_SELF = YES;
				CLANG_WARN_OBJC_LITERAL_CONVERSION = YES;
				CLANG_WARN_OBJC_ROOT_CLASS = YES_ERROR;
				CLANG_WARN_QUOTED_INCLUDE_IN_FRAMEWORK_HEADER = YES;
				CLANG_WARN_RANGE_LOOP_ANALYSIS = YES;
				CLANG_WARN_STRICT_PROTOTYPES = YES;
				CLANG_WARN_SUSPICIOUS_MOVE = YES;
				CLANG_WARN_UNGUARDED_AVAILABILITY = YES_AGGRESSIVE;
				CLANG_WARN_UNREACHABLE_CODE = YES;
				CLANG_WARN__DUPLICATE_METHOD_MATCH = YES;
				COPY_PHASE_STRIP = NO;
				DEBUG_INFORMATION_FORMAT = "dwarf-with-dsym";
				ENABLE_NS_ASSERTIONS = NO;
				ENABLE_STRICT_OBJC_MSGSEND = YES;
				GCC_C_LANGUAGE_STANDARD = gnu11;
				GCC_NO_COMMON_BLOCKS = YES;
				GCC_WARN_64_TO_32_BIT_CONVERSION = YES;
				GCC_WARN_ABOUT_RETURN_TYPE = YES_ERROR;
				GCC_WARN_UNDECLARED_SELECTOR = YES;
				GCC_WARN_UNINITIALIZED_AUTOS = YES_AGGRESSIVE;
				GCC_WARN_UNUSED_FUNCTION = YES;
				GCC_WARN_UNUSED_VARIABLE = YES;
				IPHONEOS_DEPLOYMENT_TARGET = 15.5;
				MTL_ENABLE_DEBUG_INFO = NO;
				MTL_FAST_MATH = YES;
				SDKROOT = iphoneos;
				SWIFT_COMPILATION_MODE = wholemodule;
				SWIFT_OPTIMIZATION_LEVEL = "-O";
				VALIDATE_PRODUCT = YES;
			};
			name = Release;
		};
		0481832C2889ED730010BE73 /* Debug */ = {
			isa = XCBuildConfiguration;
			buildSettings = {
				ASSETCATALOG_COMPILER_APPICON_NAME = AppIcon;
				ASSETCATALOG_COMPILER_GLOBAL_ACCENT_COLOR_NAME = AccentColor;
				CODE_SIGN_STYLE = Automatic;
				CURRENT_PROJECT_VERSION = 1;
				DEVELOPMENT_ASSET_PATHS = "\"Weather/Preview Content\"";
				DEVELOPMENT_TEAM = T8KVDWFT8V;
				ENABLE_PREVIEWS = YES;
				GENERATE_INFOPLIST_FILE = YES;
				INFOPLIST_FILE = Weather/Info.plist;
				INFOPLIST_KEY_NSLocationAlwaysAndWhenInUseUsageDescription = "Need location for some reason";
				INFOPLIST_KEY_NSLocationAlwaysUsageDescription = "Need location for some reason";
				INFOPLIST_KEY_UIApplicationSceneManifest_Generation = YES;
				INFOPLIST_KEY_UIApplicationSupportsIndirectInputEvents = YES;
				INFOPLIST_KEY_UILaunchScreen_Generation = YES;
				INFOPLIST_KEY_UISupportedInterfaceOrientations_iPad = "UIInterfaceOrientationPortrait UIInterfaceOrientationPortraitUpsideDown UIInterfaceOrientationLandscapeLeft UIInterfaceOrientationLandscapeRight";
				INFOPLIST_KEY_UISupportedInterfaceOrientations_iPhone = "UIInterfaceOrientationPortrait UIInterfaceOrientationLandscapeLeft UIInterfaceOrientationLandscapeRight";
				IPHONEOS_DEPLOYMENT_TARGET = 15.5;
				LD_RUNPATH_SEARCH_PATHS = (
					"$(inherited)",
					"@executable_path/Frameworks",
				);
				MARKETING_VERSION = 1.0;
				PRODUCT_BUNDLE_IDENTIFIER = by.oleshkevich.artem.apps.Weather;
				PRODUCT_NAME = "$(TARGET_NAME)";
				SWIFT_EMIT_LOC_STRINGS = YES;
				SWIFT_VERSION = 5.0;
				TARGETED_DEVICE_FAMILY = "1,2";
			};
			name = Debug;
		};
		0481832D2889ED730010BE73 /* Release */ = {
			isa = XCBuildConfiguration;
			buildSettings = {
				ASSETCATALOG_COMPILER_APPICON_NAME = AppIcon;
				ASSETCATALOG_COMPILER_GLOBAL_ACCENT_COLOR_NAME = AccentColor;
				CODE_SIGN_STYLE = Automatic;
				CURRENT_PROJECT_VERSION = 1;
				DEVELOPMENT_ASSET_PATHS = "\"Weather/Preview Content\"";
				DEVELOPMENT_TEAM = T8KVDWFT8V;
				ENABLE_PREVIEWS = YES;
				GENERATE_INFOPLIST_FILE = YES;
				INFOPLIST_FILE = Weather/Info.plist;
				INFOPLIST_KEY_NSLocationAlwaysAndWhenInUseUsageDescription = "Need location for some reason";
				INFOPLIST_KEY_NSLocationAlwaysUsageDescription = "Need location for some reason";
				INFOPLIST_KEY_UIApplicationSceneManifest_Generation = YES;
				INFOPLIST_KEY_UIApplicationSupportsIndirectInputEvents = YES;
				INFOPLIST_KEY_UILaunchScreen_Generation = YES;
				INFOPLIST_KEY_UISupportedInterfaceOrientations_iPad = "UIInterfaceOrientationPortrait UIInterfaceOrientationPortraitUpsideDown UIInterfaceOrientationLandscapeLeft UIInterfaceOrientationLandscapeRight";
				INFOPLIST_KEY_UISupportedInterfaceOrientations_iPhone = "UIInterfaceOrientationPortrait UIInterfaceOrientationLandscapeLeft UIInterfaceOrientationLandscapeRight";
				IPHONEOS_DEPLOYMENT_TARGET = 15.5;
				LD_RUNPATH_SEARCH_PATHS = (
					"$(inherited)",
					"@executable_path/Frameworks",
				);
				MARKETING_VERSION = 1.0;
				PRODUCT_BUNDLE_IDENTIFIER = by.oleshkevich.artem.apps.Weather;
				PRODUCT_NAME = "$(TARGET_NAME)";
				SWIFT_EMIT_LOC_STRINGS = YES;
				SWIFT_VERSION = 5.0;
				TARGETED_DEVICE_FAMILY = "1,2";
			};
			name = Release;
		};
/* End XCBuildConfiguration section */

/* Begin XCConfigurationList section */
		048183182889ED700010BE73 /* Build configuration list for PBXProject "Weather" */ = {
			isa = XCConfigurationList;
			buildConfigurations = (
				048183292889ED730010BE73 /* Debug */,
				0481832A2889ED730010BE73 /* Release */,
			);
			defaultConfigurationIsVisible = 0;
			defaultConfigurationName = Release;
		};
		0481832B2889ED730010BE73 /* Build configuration list for PBXNativeTarget "Weather" */ = {
			isa = XCConfigurationList;
			buildConfigurations = (
				0481832C2889ED730010BE73 /* Debug */,
				0481832D2889ED730010BE73 /* Release */,
			);
			defaultConfigurationIsVisible = 0;
			defaultConfigurationName = Release;
		};
/* End XCConfigurationList section */

/* Begin XCRemoteSwiftPackageReference section */
		04B9F7E3288F6AAD00D64D73 /* XCRemoteSwiftPackageReference "lottie-ios" */ = {
			isa = XCRemoteSwiftPackageReference;
			repositoryURL = "https://github.com/airbnb/lottie-ios.git";
			requirement = {
				kind = upToNextMajorVersion;
				minimumVersion = 3.2.0;
			};
		};
/* End XCRemoteSwiftPackageReference section */

/* Begin XCSwiftPackageProductDependency section */
		04B9F7E4288F6AAD00D64D73 /* Lottie */ = {
			isa = XCSwiftPackageProductDependency;
			package = 04B9F7E3288F6AAD00D64D73 /* XCRemoteSwiftPackageReference "lottie-ios" */;
			productName = Lottie;
		};
/* End XCSwiftPackageProductDependency section */
	};
	rootObject = 048183152889ED700010BE73 /* Project object */;
}
